---
mruby_version:
  version: 2.1.2
  release_no: 20102
builds:
  host:
    https://github.com/shibafu528/mruby-delayer-deferred.git:
      url: https://github.com/shibafu528/mruby-delayer-deferred.git
      branch: HEAD
      commit: 2590490edbedf84a503d4cae6fa59fa344687e6f
      version: 2.2.0
    https://github.com/shibafu528/mruby-pluggaloid.git:
      url: https://github.com/shibafu528/mruby-pluggaloid.git
      branch: HEAD
      commit: 875879bf0dcbd0274483b13e109c26668a621071
      version: 1.5.0
    https://github.com/shibafu528/mruby-diva.git:
      url: https://github.com/shibafu528/mruby-diva.git
      branch: HEAD
      commit: 63299e5a3183dcd51788196b919b1812b9f02a8f
      version: 1.0.2
    https://github.com/matsumoto-r/mruby-sleep.git:
      url: https://github.com/matsumoto-r/mruby-sleep.git
      branch: HEAD
      commit: 7a2a6a35cae42894e2ac1ef93548af83fec9b275
      version: 0.0.1
    https://github.com/mattn/mruby-json.git:
      url: https://github.com/mattn/mruby-json.git
      branch: HEAD
      commit: '054699892b0d681110e7348440cddb70a3fd671e'
      version: 0.0.0
    https://github.com/shibafu528/mruby-thread.git:
      url: https://github.com/shibafu528/mruby-thread.git
      branch: patch-android
      commit: e89bf2f0a4c692fb2d296f4656314cf812c34b0d
      version: 0.0.0
    https://github.com/iij/mruby-io.git:
      url: https://github.com/iij/mruby-io.git
      branch: master
      commit: 26b7967fa91f2330205ae5454ed203e1757ccb2e
      version: 0.0.0
    https://github.com/iij/mruby-dir.git:
      url: https://github.com/iij/mruby-dir.git
      branch: master
      commit: 89dceefa1250fb1ae868d4cb52498e9e24293cd1
      version: 0.0.0
    https://github.com/iij/mruby-require.git:
      url: https://github.com/iij/mruby-require.git
      branch: master
      commit: 0e50d9bf70e4f23f47179e30f3544d5d1c193f86
      version: 0.0.0
    https://github.com/ksss/mruby-singleton.git:
      url: https://github.com/ksss/mruby-singleton.git
      branch: master
      commit: 73dd4bae1a47d82e49b8f85bf27f49ec4462052e
      version: 0.0.0
    https://github.com/IceDragon200/mruby-catch-throw:
      url: https://github.com/IceDragon200/mruby-catch-throw
      branch: master
      commit: 2b6eaff4232b4a9473b864df53c2917080af5dcf
      version: 1.1.0
    https://github.com/shibafu528/mruby-delayer.git:
      url: https://github.com/shibafu528/mruby-delayer.git
      branch: mruby
      commit: 61765b30a730946f1de194af5068f7401787cb03
      version: 1.1.2
    https://github.com/shibafu528/mruby-instance-storage.git:
      url: https://github.com/shibafu528/mruby-instance-storage.git
      branch: master
      commit: d11690a510ddaf3559328cb78c1b81cd7260e152
      version: 1.0.0
    https://github.com/yui-knk/mruby-set.git:
      url: https://github.com/yui-knk/mruby-set.git
      branch: master
      commit: 68334311ac7386eef84f3034a256e7135a87625d
      version: 0.0.0
    https://github.com/monochromegane/mruby-secure-random.git:
      url: https://github.com/monochromegane/mruby-secure-random.git
      branch: master
      commit: 4971702e8cd299054b3220b4adb6bc3031ae2881
      version: 0.0.0
    https://github.com/zzak/mruby-uri.git:
      url: https://github.com/zzak/mruby-uri.git
      branch: master
      commit: b3108ae56a48990eb7b79f44aca4ec76e1e60ad8
      version: 0.0.0
    https://github.com/mattn/mruby-onig-regexp.git:
      url: https://github.com/mattn/mruby-onig-regexp.git
      branch: master
      commit: 76087d150d12f167e95ae10d326099b352cf3d18
      version: 0.0.0
  armv7-linux-androideabi:
    https://github.com/shibafu528/mruby-delayer-deferred.git:
      url: https://github.com/shibafu528/mruby-delayer-deferred.git
      branch: mruby
      commit: 2590490edbedf84a503d4cae6fa59fa344687e6f
      version: 2.2.0
    https://github.com/shibafu528/mruby-pluggaloid.git:
      url: https://github.com/shibafu528/mruby-pluggaloid.git
      branch: mruby
      commit: 875879bf0dcbd0274483b13e109c26668a621071
      version: 1.5.0
    https://github.com/shibafu528/mruby-diva.git:
      url: https://github.com/shibafu528/mruby-diva.git
      branch: mruby
      commit: 63299e5a3183dcd51788196b919b1812b9f02a8f
      version: 1.0.2
    https://github.com/matsumoto-r/mruby-sleep.git:
      url: https://github.com/matsumoto-r/mruby-sleep.git
      branch: master
      commit: 7a2a6a35cae42894e2ac1ef93548af83fec9b275
      version: 0.0.1
    https://github.com/mattn/mruby-json.git:
      url: https://github.com/mattn/mruby-json.git
      branch: master
      commit: '054699892b0d681110e7348440cddb70a3fd671e'
      version: 0.0.0
    https://github.com/shibafu528/mruby-thread.git:
      url: https://github.com/shibafu528/mruby-thread.git
      branch: patch-android
      commit: e89bf2f0a4c692fb2d296f4656314cf812c34b0d
      version: 0.0.0
    https://github.com/iij/mruby-io.git:
      url: https://github.com/iij/mruby-io.git
      branch: master
      commit: 26b7967fa91f2330205ae5454ed203e1757ccb2e
      version: 0.0.0
    https://github.com/iij/mruby-dir.git:
      url: https://github.com/iij/mruby-dir.git
      branch: master
      commit: 89dceefa1250fb1ae868d4cb52498e9e24293cd1
      version: 0.0.0
    https://github.com/iij/mruby-require.git:
      url: https://github.com/iij/mruby-require.git
      branch: master
      commit: 0e50d9bf70e4f23f47179e30f3544d5d1c193f86
      version: 0.0.0
    https://github.com/ksss/mruby-singleton.git:
      url: https://github.com/ksss/mruby-singleton.git
      branch: master
      commit: 73dd4bae1a47d82e49b8f85bf27f49ec4462052e
      version: 0.0.0
    https://github.com/IceDragon200/mruby-catch-throw:
      url: https://github.com/IceDragon200/mruby-catch-throw
      branch: master
      commit: 2b6eaff4232b4a9473b864df53c2917080af5dcf
      version: 1.1.0
    https://github.com/shibafu528/mruby-delayer.git:
      url: https://github.com/shibafu528/mruby-delayer.git
      branch: mruby
      commit: 61765b30a730946f1de194af5068f7401787cb03
      version: 1.1.2
    https://github.com/shibafu528/mruby-instance-storage.git:
      url: https://github.com/shibafu528/mruby-instance-storage.git
      branch: master
      commit: d11690a510ddaf3559328cb78c1b81cd7260e152
      version: 1.0.0
    https://github.com/yui-knk/mruby-set.git:
      url: https://github.com/yui-knk/mruby-set.git
      branch: master
      commit: 68334311ac7386eef84f3034a256e7135a87625d
      version: 0.0.0
    https://github.com/monochromegane/mruby-secure-random.git:
      url: https://github.com/monochromegane/mruby-secure-random.git
      branch: master
      commit: 4971702e8cd299054b3220b4adb6bc3031ae2881
      version: 0.0.0
    https://github.com/zzak/mruby-uri.git:
      url: https://github.com/zzak/mruby-uri.git
      branch: master
      commit: b3108ae56a48990eb7b79f44aca4ec76e1e60ad8
      version: 0.0.0
    https://github.com/mattn/mruby-onig-regexp.git:
      url: https://github.com/mattn/mruby-onig-regexp.git
      branch: master
      commit: 76087d150d12f167e95ae10d326099b352cf3d18
      version: 0.0.0
  aarch64-linux-androideabi:
    https://github.com/shibafu528/mruby-delayer-deferred.git:
      url: https://github.com/shibafu528/mruby-delayer-deferred.git
      branch: mruby
      commit: 2590490edbedf84a503d4cae6fa59fa344687e6f
      version: 2.2.0
    https://github.com/shibafu528/mruby-pluggaloid.git:
      url: https://github.com/shibafu528/mruby-pluggaloid.git
      branch: mruby
      commit: 875879bf0dcbd0274483b13e109c26668a621071
      version: 1.5.0
    https://github.com/shibafu528/mruby-diva.git:
      url: https://github.com/shibafu528/mruby-diva.git
      branch: mruby
      commit: 63299e5a3183dcd51788196b919b1812b9f02a8f
      version: 1.0.2
    https://github.com/matsumoto-r/mruby-sleep.git:
      url: https://github.com/matsumoto-r/mruby-sleep.git
      branch: master
      commit: 7a2a6a35cae42894e2ac1ef93548af83fec9b275
      version: 0.0.1
    https://github.com/mattn/mruby-json.git:
      url: https://github.com/mattn/mruby-json.git
      branch: master
      commit: '054699892b0d681110e7348440cddb70a3fd671e'
      version: 0.0.0
    https://github.com/shibafu528/mruby-thread.git:
      url: https://github.com/shibafu528/mruby-thread.git
      branch: patch-android
      commit: e89bf2f0a4c692fb2d296f4656314cf812c34b0d
      version: 0.0.0
    https://github.com/iij/mruby-io.git:
      url: https://github.com/iij/mruby-io.git
      branch: master
      commit: 26b7967fa91f2330205ae5454ed203e1757ccb2e
      version: 0.0.0
    https://github.com/iij/mruby-dir.git:
      url: https://github.com/iij/mruby-dir.git
      branch: master
      commit: 89dceefa1250fb1ae868d4cb52498e9e24293cd1
      version: 0.0.0
    https://github.com/iij/mruby-require.git:
      url: https://github.com/iij/mruby-require.git
      branch: master
      commit: 0e50d9bf70e4f23f47179e30f3544d5d1c193f86
      version: 0.0.0
    https://github.com/ksss/mruby-singleton.git:
      url: https://github.com/ksss/mruby-singleton.git
      branch: master
      commit: 73dd4bae1a47d82e49b8f85bf27f49ec4462052e
      version: 0.0.0
    https://github.com/IceDragon200/mruby-catch-throw:
      url: https://github.com/IceDragon200/mruby-catch-throw
      branch: master
      commit: 2b6eaff4232b4a9473b864df53c2917080af5dcf
      version: 1.1.0
    https://github.com/shibafu528/mruby-delayer.git:
      url: https://github.com/shibafu528/mruby-delayer.git
      branch: mruby
      commit: 61765b30a730946f1de194af5068f7401787cb03
      version: 1.1.2
    https://github.com/shibafu528/mruby-instance-storage.git:
      url: https://github.com/shibafu528/mruby-instance-storage.git
      branch: master
      commit: d11690a510ddaf3559328cb78c1b81cd7260e152
      version: 1.0.0
    https://github.com/yui-knk/mruby-set.git:
      url: https://github.com/yui-knk/mruby-set.git
      branch: master
      commit: 68334311ac7386eef84f3034a256e7135a87625d
      version: 0.0.0
    https://github.com/monochromegane/mruby-secure-random.git:
      url: https://github.com/monochromegane/mruby-secure-random.git
      branch: master
      commit: 4971702e8cd299054b3220b4adb6bc3031ae2881
      version: 0.0.0
    https://github.com/zzak/mruby-uri.git:
      url: https://github.com/zzak/mruby-uri.git
      branch: master
      commit: b3108ae56a48990eb7b79f44aca4ec76e1e60ad8
      version: 0.0.0
    https://github.com/mattn/mruby-onig-regexp.git:
      url: https://github.com/mattn/mruby-onig-regexp.git
      branch: master
      commit: 76087d150d12f167e95ae10d326099b352cf3d18
      version: 0.0.0
  x86-linux-androideabi:
    https://github.com/shibafu528/mruby-delayer-deferred.git:
      url: https://github.com/shibafu528/mruby-delayer-deferred.git
      branch: mruby
      commit: 2590490edbedf84a503d4cae6fa59fa344687e6f
      version: 2.2.0
    https://github.com/shibafu528/mruby-pluggaloid.git:
      url: https://github.com/shibafu528/mruby-pluggaloid.git
      branch: mruby
      commit: 875879bf0dcbd0274483b13e109c26668a621071
      version: 1.5.0
    https://github.com/shibafu528/mruby-diva.git:
      url: https://github.com/shibafu528/mruby-diva.git
      branch: mruby
      commit: 63299e5a3183dcd51788196b919b1812b9f02a8f
      version: 1.0.2
    https://github.com/matsumoto-r/mruby-sleep.git:
      url: https://github.com/matsumoto-r/mruby-sleep.git
      branch: master
      commit: 7a2a6a35cae42894e2ac1ef93548af83fec9b275
      version: 0.0.1
    https://github.com/mattn/mruby-json.git:
      url: https://github.com/mattn/mruby-json.git
      branch: master
      commit: '054699892b0d681110e7348440cddb70a3fd671e'
      version: 0.0.0
    https://github.com/shibafu528/mruby-thread.git:
      url: https://github.com/shibafu528/mruby-thread.git
      branch: patch-android
      commit: e89bf2f0a4c692fb2d296f4656314cf812c34b0d
      version: 0.0.0
    https://github.com/iij/mruby-io.git:
      url: https://github.com/iij/mruby-io.git
      branch: master
      commit: 26b7967fa91f2330205ae5454ed203e1757ccb2e
      version: 0.0.0
    https://github.com/iij/mruby-dir.git:
      url: https://github.com/iij/mruby-dir.git
      branch: master
      commit: 89dceefa1250fb1ae868d4cb52498e9e24293cd1
      version: 0.0.0
    https://github.com/iij/mruby-require.git:
      url: https://github.com/iij/mruby-require.git
      branch: master
      commit: 0e50d9bf70e4f23f47179e30f3544d5d1c193f86
      version: 0.0.0
    https://github.com/ksss/mruby-singleton.git:
      url: https://github.com/ksss/mruby-singleton.git
      branch: master
      commit: 73dd4bae1a47d82e49b8f85bf27f49ec4462052e
      version: 0.0.0
    https://github.com/IceDragon200/mruby-catch-throw:
      url: https://github.com/IceDragon200/mruby-catch-throw
      branch: master
      commit: 2b6eaff4232b4a9473b864df53c2917080af5dcf
      version: 1.1.0
    https://github.com/shibafu528/mruby-delayer.git:
      url: https://github.com/shibafu528/mruby-delayer.git
      branch: mruby
      commit: 61765b30a730946f1de194af5068f7401787cb03
      version: 1.1.2
    https://github.com/shibafu528/mruby-instance-storage.git:
      url: https://github.com/shibafu528/mruby-instance-storage.git
      branch: master
      commit: d11690a510ddaf3559328cb78c1b81cd7260e152
      version: 1.0.0
    https://github.com/yui-knk/mruby-set.git:
      url: https://github.com/yui-knk/mruby-set.git
      branch: master
      commit: 68334311ac7386eef84f3034a256e7135a87625d
      version: 0.0.0
    https://github.com/monochromegane/mruby-secure-random.git:
      url: https://github.com/monochromegane/mruby-secure-random.git
      branch: master
      commit: 4971702e8cd299054b3220b4adb6bc3031ae2881
      version: 0.0.0
    https://github.com/zzak/mruby-uri.git:
      url: https://github.com/zzak/mruby-uri.git
      branch: master
      commit: b3108ae56a48990eb7b79f44aca4ec76e1e60ad8
      version: 0.0.0
    https://github.com/mattn/mruby-onig-regexp.git:
      url: https://github.com/mattn/mruby-onig-regexp.git
      branch: master
      commit: 76087d150d12f167e95ae10d326099b352cf3d18
      version: 0.0.0
